
Microsoft Visual Studio Solution File, Format Version 12.00
# Visual Studio 15
VisualStudioVersion = 15.0.27428.2002
MinimumVisualStudioVersion = 10.0.40219.1
Project("{FAE04EC0-301F-11D3-BF4B-00C04F79EFBC}") = "PO_MapMaker", "PO_MapMaker.csproj", "{3F239E17-DC22-4D0E-8B08-0F43A14B20FF}"
EndProject
Global
	GlobalSection(SolutionConfigurationPlatforms) = preSolution
		Debug|Any CPU = Debug|Any CPU
		Release|Any CPU = Release|Any CPU
	EndGlobalSection
	GlobalSection(ProjectConfigurationPlatforms) = postSolution
		{3F239E17-DC22-4D0E-8B08-0F43A14B20FF}.Debug|Any CPU.ActiveCfg = Debug|Any CPU
		{3F239E17-DC22-4D0E-8B08-0F43A14B20FF}.Debug|Any CPU.Build.0 = Debug|Any CPU
		{3F239E17-DC22-4D0E-8B08-0F43A14B20FF}.Release|Any CPU.ActiveCfg = Release|Any CPU
		{3F239E17-DC22-4D0E-8B08-0F43A14B20FF}.Release|Any CPU.Build.0 = Release|Any CPU
	EndGlobalSection
	GlobalSection(SolutionProperties) = preSolution
		HideSolutionNode = FALSE
	EndGlobalSection
	GlobalSection(ExtensibilityGlobals) = postSolution
		SolutionGuid = {E83FB6CC-73C2-45F6-87DE-51166F6795DB}
	EndGlobalSection
EndGlobal
